
Microsoft Visual Studio Solution File, Format Version 12.00
# Visual Studio Version 16
VisualStudioVersion = 16.0.30804.86
MinimumVisualStudioVersion = 10.0.40219.1
Project("{FAE04EC0-301F-11D3-BF4B-00C04F79EFBC}") = "SeatSavr", "SeatSavr\SeatSavr.csproj", "{F82ADE00-21F8-4E65-9749-266EFFFD22BA}"
EndProject
Global
	GlobalSection(SolutionConfigurationPlatforms) = preSolution
		Debug|Any CPU = Debug|Any CPU
		Release|Any CPU = Release|Any CPU
	EndGlobalSection
	GlobalSection(ProjectConfigurationPlatforms) = postSolution
		{F82ADE00-21F8-4E65-9749-266EFFFD22BA}.Debug|Any CPU.ActiveCfg = Debug|Any CPU
		{F82ADE00-21F8-4E65-9749-266EFFFD22BA}.Debug|Any CPU.Build.0 = Debug|Any CPU
		{F82ADE00-21F8-4E65-9749-266EFFFD22BA}.Release|Any CPU.ActiveCfg = Release|Any CPU
		{F82ADE00-21F8-4E65-9749-266EFFFD22BA}.Release|Any CPU.Build.0 = Release|Any CPU
	EndGlobalSection
	GlobalSection(SolutionProperties) = preSolution
		HideSolutionNode = FALSE
	EndGlobalSection
	GlobalSection(ExtensibilityGlobals) = postSolution
		SolutionGuid = {2917EF10-9A69-4CE2-B13C-722EED3F1EF9}
	EndGlobalSection
EndGlobal
